
Microsoft Visual Studio Solution File, Format Version 12.00
# Visual Studio 15
Project("{FAE04EC0-301F-11D3-BF4B-00C04F79EFBC}") = "Meta.WitAi.Conduit", "Meta.WitAi.Conduit.csproj", "{1C6EEBC1-29F6-C9A6-F469-BA602575BDA7}"
EndProject
Project("{FAE04EC0-301F-11D3-BF4B-00C04F79EFBC}") = "Oculus.VR", "Oculus.VR.csproj", "{88E0905A-1EB6-3559-27FA-6E9A05338DD4}"
EndProject
Project("{FAE04EC0-301F-11D3-BF4B-00C04F79EFBC}") = "Oculus.Interaction", "Oculus.Interaction.csproj", "{81879C32-3E09-844B-F54C-820E36F31823}"
EndProject
Project("{FAE04EC0-301F-11D3-BF4B-00C04F79EFBC}") = "Oculus.Interaction.Editor", "Oculus.Interaction.Editor.csproj", "{A16FF90F-2C15-2ACE-F19F-7E6B54F6330C}"
EndProject
Project("{FAE04EC0-301F-11D3-BF4B-00C04F79EFBC}") = "Oculus.Platform", "Oculus.Platform.csproj", "{CC1D30E4-C1FE-2559-145C-AE48D8EA4D04}"
EndProject
Project("{FAE04EC0-301F-11D3-BF4B-00C04F79EFBC}") = "VoiceSDK.Telemetry", "VoiceSDK.Telemetry.csproj", "{63C4B5EC-A5D9-D8E3-2D82-A5CE6E1457D1}"
EndProject
Project("{FAE04EC0-301F-11D3-BF4B-00C04F79EFBC}") = "Assembly-CSharp", "Assembly-CSharp.csproj", "{5B58EA8E-833C-86AA-8260-54DADC9DC13B}"
EndProject
Project("{FAE04EC0-301F-11D3-BF4B-00C04F79EFBC}") = "Oculus.Interaction.OVR.Samples", "Oculus.Interaction.OVR.Samples.csproj", "{8058F041-98A0-4CE0-92CC-78A02FCFD1CA}"
EndProject
Project("{FAE04EC0-301F-11D3-BF4B-00C04F79EFBC}") = "Meta.WitAi.Lib", "Meta.WitAi.Lib.csproj", "{45D4488E-89E3-841F-D7DF-009F645FB68D}"
EndProject
Project("{FAE04EC0-301F-11D3-BF4B-00C04F79EFBC}") = "Meta.WitAi.Editor", "Meta.WitAi.Editor.csproj", "{3B5A0D4B-0F3A-CB33-E91C-FB2E6230E348}"
EndProject
Project("{FAE04EC0-301F-11D3-BF4B-00C04F79EFBC}") = "Meta.WitAi.Conduit.Editor", "Meta.WitAi.Conduit.Editor.csproj", "{AB1D9A3D-D807-189F-F01C-96D1BFA2E5AE}"
EndProject
Project("{FAE04EC0-301F-11D3-BF4B-00C04F79EFBC}") = "Meta.WitAi", "Meta.WitAi.csproj", "{202A58B3-1C49-46CF-21AF-75F0C0CA0314}"
EndProject
Project("{FAE04EC0-301F-11D3-BF4B-00C04F79EFBC}") = "Oculus.VR.Editor", "Oculus.VR.Editor.csproj", "{137068AC-5049-2379-7C5E-F218F42AABB6}"
EndProject
Project("{FAE04EC0-301F-11D3-BF4B-00C04F79EFBC}") = "Oculus.Interaction.OVR.Editor", "Oculus.Interaction.OVR.Editor.csproj", "{9622A064-4581-2B9C-CC5D-C49EAE7DC57F}"
EndProject
Project("{FAE04EC0-301F-11D3-BF4B-00C04F79EFBC}") = "Oculus.LipSync", "Oculus.LipSync.csproj", "{CB6BEA26-AA7B-1BD0-DA68-366EDB9F322D}"
EndProject
Project("{FAE04EC0-301F-11D3-BF4B-00C04F79EFBC}") = "Oculus.Interaction.OVR", "Oculus.Interaction.OVR.csproj", "{560D7436-0BD5-9CFE-FDE3-91DA82CB04B2}"
EndProject
Project("{FAE04EC0-301F-11D3-BF4B-00C04F79EFBC}") = "VoiceSDK.Editor", "VoiceSDK.Editor.csproj", "{C1F7487C-68B1-7802-B0A9-4D7F9682754F}"
EndProject
Project("{FAE04EC0-301F-11D3-BF4B-00C04F79EFBC}") = "Meta.WitAI.Lib.Editor", "Meta.WitAI.Lib.Editor.csproj", "{20B5A642-762F-122F-2A23-DBB7D6B358A0}"
EndProject
Project("{FAE04EC0-301F-11D3-BF4B-00C04F79EFBC}") = "Oculus.AudioManager", "Oculus.AudioManager.csproj", "{CADD8367-018D-993B-3196-499394511CD5}"
EndProject
Project("{FAE04EC0-301F-11D3-BF4B-00C04F79EFBC}") = "Meta.Voice.Samples.BuiltInTimer", "Meta.Voice.Samples.BuiltInTimer.csproj", "{289C89B6-F9D3-A224-E2D4-820FCAD2B05C}"
EndProject
Project("{FAE04EC0-301F-11D3-BF4B-00C04F79EFBC}") = "Meta.XR.BuildingBlocks.Editor", "Meta.XR.BuildingBlocks.Editor.csproj", "{9FA11255-5DBC-D6D5-9D5F-9EC28EAB908A}"
EndProject
Project("{FAE04EC0-301F-11D3-BF4B-00C04F79EFBC}") = "Meta.Voice.VSDKHub.Editor", "Meta.Voice.VSDKHub.Editor.csproj", "{67F9C13F-F6C8-A835-911C-792A8C03EDF9}"
EndProject
Project("{FAE04EC0-301F-11D3-BF4B-00C04F79EFBC}") = "VoiceSDK.Dictation.Runtime", "VoiceSDK.Dictation.Runtime.csproj", "{39919E17-650B-10BD-EBFB-8493D75C296F}"
EndProject
Project("{FAE04EC0-301F-11D3-BF4B-00C04F79EFBC}") = "Meta.WitAi.TTS", "Meta.WitAi.TTS.csproj", "{4A56C0A4-AC6C-79B3-AD02-C36AE721B055}"
EndProject
Project("{FAE04EC0-301F-11D3-BF4B-00C04F79EFBC}") = "AssistantCoreSDKRuntime", "AssistantCoreSDKRuntime.csproj", "{26052146-38F9-90F3-6AC7-3E75269B95D1}"
EndProject
Project("{FAE04EC0-301F-11D3-BF4B-00C04F79EFBC}") = "Assembly-CSharp-Editor", "Assembly-CSharp-Editor.csproj", "{D04EBF21-B48E-3BB9-E704-681DF6635889}"
EndProject
Project("{FAE04EC0-301F-11D3-BF4B-00C04F79EFBC}") = "Meta.Voice.Samples.TTSVoices", "Meta.Voice.Samples.TTSVoices.csproj", "{4C6CABCD-FEB8-1CC4-418D-05DA5FCBF5F3}"
EndProject
Project("{FAE04EC0-301F-11D3-BF4B-00C04F79EFBC}") = "VoiceSDK.Runtime", "VoiceSDK.Runtime.csproj", "{D9E85D0E-BC55-D710-2BF4-6BD9784BD18D}"
EndProject
Project("{FAE04EC0-301F-11D3-BF4B-00C04F79EFBC}") = "Oculus.VR.Scripts.Editor", "Oculus.VR.Scripts.Editor.csproj", "{633A010B-8E2F-1E45-4184-B8CF62D031BA}"
EndProject
Project("{FAE04EC0-301F-11D3-BF4B-00C04F79EFBC}") = "Meta.Voice.Samples.LightTraits", "Meta.Voice.Samples.LightTraits.csproj", "{0CF04C63-2016-B864-6CBD-819FB6137F6B}"
EndProject
Project("{FAE04EC0-301F-11D3-BF4B-00C04F79EFBC}") = "Meta.Voice.Hub.Editor", "Meta.Voice.Hub.Editor.csproj", "{0DCA51AD-83BF-43F2-86E5-9CF2722CFD90}"
EndProject
Project("{FAE04EC0-301F-11D3-BF4B-00C04F79EFBC}") = "Oculus.Interaction.Samples.Editor", "Oculus.Interaction.Samples.Editor.csproj", "{F0D26E2E-F548-653A-FE68-475D07E619AE}"
EndProject
Project("{FAE04EC0-301F-11D3-BF4B-00C04F79EFBC}") = "Meta.WitAi.TTS.Editor", "Meta.WitAi.TTS.Editor.csproj", "{B8917407-06A0-0E2D-3B88-16D063F57AFF}"
EndProject
Project("{FAE04EC0-301F-11D3-BF4B-00C04F79EFBC}") = "Meta.XR.BuildingBlocks", "Meta.XR.BuildingBlocks.csproj", "{20F6BD9A-2D51-458B-8E45-5799A1D88589}"
EndProject
Project("{FAE04EC0-301F-11D3-BF4B-00C04F79EFBC}") = "Oculus.Platform.Editor", "Oculus.Platform.Editor.csproj", "{A52E9DAE-22E6-6981-7CF8-4354009E4817}"
EndProject
Project("{FAE04EC0-301F-11D3-BF4B-00C04F79EFBC}") = "Facebook.Wit.Dictation", "Facebook.Wit.Dictation.csproj", "{57FBEB2C-ED6D-B67B-F2E8-2E2EFD9E78C9}"
EndProject
Project("{FAE04EC0-301F-11D3-BF4B-00C04F79EFBC}") = "Oculus.Spatializer.Editor", "Oculus.Spatializer.Editor.csproj", "{216E7CED-CFB3-5641-A0C6-07A8F66A9177}"
EndProject
Project("{FAE04EC0-301F-11D3-BF4B-00C04F79EFBC}") = "Oculus.LipSync.Editor", "Oculus.LipSync.Editor.csproj", "{FB3C3326-31EE-00F7-67A5-9C54B946BD9B}"
EndProject
Project("{FAE04EC0-301F-11D3-BF4B-00C04F79EFBC}") = "Oculus.AudioManager.Utils.Editor", "Oculus.AudioManager.Utils.Editor.csproj", "{58FCCE56-5F95-0F6D-A6FC-322FB1E53DC4}"
EndProject
Project("{FAE04EC0-301F-11D3-BF4B-00C04F79EFBC}") = "Meta.VoiceSDK.Mic.Common", "Meta.VoiceSDK.Mic.Common.csproj", "{5BC5E502-1F96-E1E7-DB49-22BC0418AAA2}"
EndProject
Project("{FAE04EC0-301F-11D3-BF4B-00C04F79EFBC}") = "Meta.Voice.Samples.ShapesConduit", "Meta.Voice.Samples.ShapesConduit.csproj", "{9A544EE6-7B52-AB05-578A-DD4FDC530ECF}"
EndProject
Project("{FAE04EC0-301F-11D3-BF4B-00C04F79EFBC}") = "Oculus.Spatializer", "Oculus.Spatializer.csproj", "{3186F444-8049-F0FF-7454-4D043C44A342}"
EndProject
Project("{FAE04EC0-301F-11D3-BF4B-00C04F79EFBC}") = "Meta.VoiceSDK.Mic.Other", "Meta.VoiceSDK.Mic.Other.csproj", "{F5ADAFF0-502B-C889-F7F6-2E072C8939BC}"
EndProject
Project("{FAE04EC0-301F-11D3-BF4B-00C04F79EFBC}") = "Oculus.Interaction.InterfaceSupport", "Oculus.Interaction.InterfaceSupport.csproj", "{3B365D0E-B37C-DDB8-73CC-0C831287E15B}"
EndProject
Project("{FAE04EC0-301F-11D3-BF4B-00C04F79EFBC}") = "Oculus.AudioManager.Audio.Editor", "Oculus.AudioManager.Audio.Editor.csproj", "{376F60F2-3992-5AAD-61BF-E07208F7F99F}"
EndProject
Project("{FAE04EC0-301F-11D3-BF4B-00C04F79EFBC}") = "Meta.Voice.Samples.LiveUnderstanding", "Meta.Voice.Samples.LiveUnderstanding.csproj", "{8F1EBBFC-CEEC-C684-26DE-A1F8A0D265DB}"
EndProject
Project("{FAE04EC0-301F-11D3-BF4B-00C04F79EFBC}") = "VoiceSDK.Dictation.Editor", "VoiceSDK.Dictation.Editor.csproj", "{9FC14335-81F4-7E73-7A0A-2F3BE6BD5632}"
EndProject
Project("{FAE04EC0-301F-11D3-BF4B-00C04F79EFBC}") = "AssistantCoreSDKEditor", "AssistantCoreSDKEditor.csproj", "{E00E6277-542B-9260-87F3-E1060D34BEDD}"
EndProject
Project("{FAE04EC0-301F-11D3-BF4B-00C04F79EFBC}") = "Meta.VoiceSDK.Mic.WebGL", "Meta.VoiceSDK.Mic.WebGL.csproj", "{4250EA86-C4B4-967E-066D-BCF48B5AC110}"
EndProject
Project("{FAE04EC0-301F-11D3-BF4B-00C04F79EFBC}") = "Meta.Voice.Hub.Runtime", "Meta.Voice.Hub.Runtime.csproj", "{1B552966-2BDF-667F-5C3B-6C1E206AFB68}"
EndProject
Project("{FAE04EC0-301F-11D3-BF4B-00C04F79EFBC}") = "Meta.Voice.Samples.Chess", "Meta.Voice.Samples.Chess.csproj", "{5CBC9D06-632F-D7ED-1BAB-DB68803E9D9B}"
EndProject
Project("{FAE04EC0-301F-11D3-BF4B-00C04F79EFBC}") = "Meta.Voice.Samples.Dictation", "Meta.Voice.Samples.Dictation.csproj", "{FAF5A68F-37AB-6D9B-03E4-7957865FCFF3}"
EndProject
Project("{FAE04EC0-301F-11D3-BF4B-00C04F79EFBC}") = "Meta.Voice.Samples.Shapes", "Meta.Voice.Samples.Shapes.csproj", "{36DA9889-E55B-3EA0-937A-656BDEF749E8}"
EndProject
Project("{FAE04EC0-301F-11D3-BF4B-00C04F79EFBC}") = "Facebook.Wit.Dictation.Editor", "Facebook.Wit.Dictation.Editor.csproj", "{896369F0-C680-2741-1CD5-7990115BA041}"
EndProject
Global
	GlobalSection(SolutionConfigurationPlatforms) = preSolution
		Debug|Any CPU = Debug|Any CPU
		Release|Any CPU = Release|Any CPU
	EndGlobalSection
	GlobalSection(ProjectConfigurationPlatforms) = postSolution
		{1C6EEBC1-29F6-C9A6-F469-BA602575BDA7}.Debug|Any CPU.ActiveCfg = Debug|Any CPU
		{1C6EEBC1-29F6-C9A6-F469-BA602575BDA7}.Debug|Any CPU.Build.0 = Debug|Any CPU
		{1C6EEBC1-29F6-C9A6-F469-BA602575BDA7}.Release|Any CPU.ActiveCfg = Release|Any CPU
		{1C6EEBC1-29F6-C9A6-F469-BA602575BDA7}.Release|Any CPU.Build.0 = Release|Any CPU
		{88E0905A-1EB6-3559-27FA-6E9A05338DD4}.Debug|Any CPU.ActiveCfg = Debug|Any CPU
		{88E0905A-1EB6-3559-27FA-6E9A05338DD4}.Debug|Any CPU.Build.0 = Debug|Any CPU
		{88E0905A-1EB6-3559-27FA-6E9A05338DD4}.Release|Any CPU.ActiveCfg = Release|Any CPU
		{88E0905A-1EB6-3559-27FA-6E9A05338DD4}.Release|Any CPU.Build.0 = Release|Any CPU
		{81879C32-3E09-844B-F54C-820E36F31823}.Debug|Any CPU.ActiveCfg = Debug|Any CPU
		{81879C32-3E09-844B-F54C-820E36F31823}.Debug|Any CPU.Build.0 = Debug|Any CPU
		{81879C32-3E09-844B-F54C-820E36F31823}.Release|Any CPU.ActiveCfg = Release|Any CPU
		{81879C32-3E09-844B-F54C-820E36F31823}.Release|Any CPU.Build.0 = Release|Any CPU
		{A16FF90F-2C15-2ACE-F19F-7E6B54F6330C}.Debug|Any CPU.ActiveCfg = Debug|Any CPU
		{A16FF90F-2C15-2ACE-F19F-7E6B54F6330C}.Debug|Any CPU.Build.0 = Debug|Any CPU
		{A16FF90F-2C15-2ACE-F19F-7E6B54F6330C}.Release|Any CPU.ActiveCfg = Release|Any CPU
		{A16FF90F-2C15-2ACE-F19F-7E6B54F6330C}.Release|Any CPU.Build.0 = Release|Any CPU
		{CC1D30E4-C1FE-2559-145C-AE48D8EA4D04}.Debug|Any CPU.ActiveCfg = Debug|Any CPU
		{CC1D30E4-C1FE-2559-145C-AE48D8EA4D04}.Debug|Any CPU.Build.0 = Debug|Any CPU
		{CC1D30E4-C1FE-2559-145C-AE48D8EA4D04}.Release|Any CPU.ActiveCfg = Release|Any CPU
		{CC1D30E4-C1FE-2559-145C-AE48D8EA4D04}.Release|Any CPU.Build.0 = Release|Any CPU
		{63C4B5EC-A5D9-D8E3-2D82-A5CE6E1457D1}.Debug|Any CPU.ActiveCfg = Debug|Any CPU
		{63C4B5EC-A5D9-D8E3-2D82-A5CE6E1457D1}.Debug|Any CPU.Build.0 = Debug|Any CPU
		{63C4B5EC-A5D9-D8E3-2D82-A5CE6E1457D1}.Release|Any CPU.ActiveCfg = Release|Any CPU
		{63C4B5EC-A5D9-D8E3-2D82-A5CE6E1457D1}.Release|Any CPU.Build.0 = Release|Any CPU
		{5B58EA8E-833C-86AA-8260-54DADC9DC13B}.Debug|Any CPU.ActiveCfg = Debug|Any CPU
		{5B58EA8E-833C-86AA-8260-54DADC9DC13B}.Debug|Any CPU.Build.0 = Debug|Any CPU
		{5B58EA8E-833C-86AA-8260-54DADC9DC13B}.Release|Any CPU.ActiveCfg = Release|Any CPU
		{5B58EA8E-833C-86AA-8260-54DADC9DC13B}.Release|Any CPU.Build.0 = Release|Any CPU
		{8058F041-98A0-4CE0-92CC-78A02FCFD1CA}.Debug|Any CPU.ActiveCfg = Debug|Any CPU
		{8058F041-98A0-4CE0-92CC-78A02FCFD1CA}.Debug|Any CPU.Build.0 = Debug|Any CPU
		{8058F041-98A0-4CE0-92CC-78A02FCFD1CA}.Release|Any CPU.ActiveCfg = Release|Any CPU
		{8058F041-98A0-4CE0-92CC-78A02FCFD1CA}.Release|Any CPU.Build.0 = Release|Any CPU
		{45D4488E-89E3-841F-D7DF-009F645FB68D}.Debug|Any CPU.ActiveCfg = Debug|Any CPU
		{45D4488E-89E3-841F-D7DF-009F645FB68D}.Debug|Any CPU.Build.0 = Debug|Any CPU
		{45D4488E-89E3-841F-D7DF-009F645FB68D}.Release|Any CPU.ActiveCfg = Release|Any CPU
		{45D4488E-89E3-841F-D7DF-009F645FB68D}.Release|Any CPU.Build.0 = Release|Any CPU
		{3B5A0D4B-0F3A-CB33-E91C-FB2E6230E348}.Debug|Any CPU.ActiveCfg = Debug|Any CPU
		{3B5A0D4B-0F3A-CB33-E91C-FB2E6230E348}.Debug|Any CPU.Build.0 = Debug|Any CPU
		{3B5A0D4B-0F3A-CB33-E91C-FB2E6230E348}.Release|Any CPU.ActiveCfg = Release|Any CPU
		{3B5A0D4B-0F3A-CB33-E91C-FB2E6230E348}.Release|Any CPU.Build.0 = Release|Any CPU
		{AB1D9A3D-D807-189F-F01C-96D1BFA2E5AE}.Debug|Any CPU.ActiveCfg = Debug|Any CPU
		{AB1D9A3D-D807-189F-F01C-96D1BFA2E5AE}.Debug|Any CPU.Build.0 = Debug|Any CPU
		{AB1D9A3D-D807-189F-F01C-96D1BFA2E5AE}.Release|Any CPU.ActiveCfg = Release|Any CPU
		{AB1D9A3D-D807-189F-F01C-96D1BFA2E5AE}.Release|Any CPU.Build.0 = Release|Any CPU
		{202A58B3-1C49-46CF-21AF-75F0C0CA0314}.Debug|Any CPU.ActiveCfg = Debug|Any CPU
		{202A58B3-1C49-46CF-21AF-75F0C0CA0314}.Debug|Any CPU.Build.0 = Debug|Any CPU
		{202A58B3-1C49-46CF-21AF-75F0C0CA0314}.Release|Any CPU.ActiveCfg = Release|Any CPU
		{202A58B3-1C49-46CF-21AF-75F0C0CA0314}.Release|Any CPU.Build.0 = Release|Any CPU
		{137068AC-5049-2379-7C5E-F218F42AABB6}.Debug|Any CPU.ActiveCfg = Debug|Any CPU
		{137068AC-5049-2379-7C5E-F218F42AABB6}.Debug|Any CPU.Build.0 = Debug|Any CPU
		{137068AC-5049-2379-7C5E-F218F42AABB6}.Release|Any CPU.ActiveCfg = Release|Any CPU
		{137068AC-5049-2379-7C5E-F218F42AABB6}.Release|Any CPU.Build.0 = Release|Any CPU
		{9622A064-4581-2B9C-CC5D-C49EAE7DC57F}.Debug|Any CPU.ActiveCfg = Debug|Any CPU
		{9622A064-4581-2B9C-CC5D-C49EAE7DC57F}.Debug|Any CPU.Build.0 = Debug|Any CPU
		{9622A064-4581-2B9C-CC5D-C49EAE7DC57F}.Release|Any CPU.ActiveCfg = Release|Any CPU
		{9622A064-4581-2B9C-CC5D-C49EAE7DC57F}.Release|Any CPU.Build.0 = Release|Any CPU
		{CB6BEA26-AA7B-1BD0-DA68-366EDB9F322D}.Debug|Any CPU.ActiveCfg = Debug|Any CPU
		{CB6BEA26-AA7B-1BD0-DA68-366EDB9F322D}.Debug|Any CPU.Build.0 = Debug|Any CPU
		{CB6BEA26-AA7B-1BD0-DA68-366EDB9F322D}.Release|Any CPU.ActiveCfg = Release|Any CPU
		{CB6BEA26-AA7B-1BD0-DA68-366EDB9F322D}.Release|Any CPU.Build.0 = Release|Any CPU
		{560D7436-0BD5-9CFE-FDE3-91DA82CB04B2}.Debug|Any CPU.ActiveCfg = Debug|Any CPU
		{560D7436-0BD5-9CFE-FDE3-91DA82CB04B2}.Debug|Any CPU.Build.0 = Debug|Any CPU
		{560D7436-0BD5-9CFE-FDE3-91DA82CB04B2}.Release|Any CPU.ActiveCfg = Release|Any CPU
		{560D7436-0BD5-9CFE-FDE3-91DA82CB04B2}.Release|Any CPU.Build.0 = Release|Any CPU
		{C1F7487C-68B1-7802-B0A9-4D7F9682754F}.Debug|Any CPU.ActiveCfg = Debug|Any CPU
		{C1F7487C-68B1-7802-B0A9-4D7F9682754F}.Debug|Any CPU.Build.0 = Debug|Any CPU
		{C1F7487C-68B1-7802-B0A9-4D7F9682754F}.Release|Any CPU.ActiveCfg = Release|Any CPU
		{C1F7487C-68B1-7802-B0A9-4D7F9682754F}.Release|Any CPU.Build.0 = Release|Any CPU
		{20B5A642-762F-122F-2A23-DBB7D6B358A0}.Debug|Any CPU.ActiveCfg = Debug|Any CPU
		{20B5A642-762F-122F-2A23-DBB7D6B358A0}.Debug|Any CPU.Build.0 = Debug|Any CPU
		{20B5A642-762F-122F-2A23-DBB7D6B358A0}.Release|Any CPU.ActiveCfg = Release|Any CPU
		{20B5A642-762F-122F-2A23-DBB7D6B358A0}.Release|Any CPU.Build.0 = Release|Any CPU
		{CADD8367-018D-993B-3196-499394511CD5}.Debug|Any CPU.ActiveCfg = Debug|Any CPU
		{CADD8367-018D-993B-3196-499394511CD5}.Debug|Any CPU.Build.0 = Debug|Any CPU
		{CADD8367-018D-993B-3196-499394511CD5}.Release|Any CPU.ActiveCfg = Release|Any CPU
		{CADD8367-018D-993B-3196-499394511CD5}.Release|Any CPU.Build.0 = Release|Any CPU
		{289C89B6-F9D3-A224-E2D4-820FCAD2B05C}.Debug|Any CPU.ActiveCfg = Debug|Any CPU
		{289C89B6-F9D3-A224-E2D4-820FCAD2B05C}.Debug|Any CPU.Build.0 = Debug|Any CPU
		{289C89B6-F9D3-A224-E2D4-820FCAD2B05C}.Release|Any CPU.ActiveCfg = Release|Any CPU
		{289C89B6-F9D3-A224-E2D4-820FCAD2B05C}.Release|Any CPU.Build.0 = Release|Any CPU
		{9FA11255-5DBC-D6D5-9D5F-9EC28EAB908A}.Debug|Any CPU.ActiveCfg = Debug|Any CPU
		{9FA11255-5DBC-D6D5-9D5F-9EC28EAB908A}.Debug|Any CPU.Build.0 = Debug|Any CPU
		{9FA11255-5DBC-D6D5-9D5F-9EC28EAB908A}.Release|Any CPU.ActiveCfg = Release|Any CPU
		{9FA11255-5DBC-D6D5-9D5F-9EC28EAB908A}.Release|Any CPU.Build.0 = Release|Any CPU
		{67F9C13F-F6C8-A835-911C-792A8C03EDF9}.Debug|Any CPU.ActiveCfg = Debug|Any CPU
		{67F9C13F-F6C8-A835-911C-792A8C03EDF9}.Debug|Any CPU.Build.0 = Debug|Any CPU
		{67F9C13F-F6C8-A835-911C-792A8C03EDF9}.Release|Any CPU.ActiveCfg = Release|Any CPU
		{67F9C13F-F6C8-A835-911C-792A8C03EDF9}.Release|Any CPU.Build.0 = Release|Any CPU
		{39919E17-650B-10BD-EBFB-8493D75C296F}.Debug|Any CPU.ActiveCfg = Debug|Any CPU
		{39919E17-650B-10BD-EBFB-8493D75C296F}.Debug|Any CPU.Build.0 = Debug|Any CPU
		{39919E17-650B-10BD-EBFB-8493D75C296F}.Release|Any CPU.ActiveCfg = Release|Any CPU
		{39919E17-650B-10BD-EBFB-8493D75C296F}.Release|Any CPU.Build.0 = Release|Any CPU
		{4A56C0A4-AC6C-79B3-AD02-C36AE721B055}.Debug|Any CPU.ActiveCfg = Debug|Any CPU
		{4A56C0A4-AC6C-79B3-AD02-C36AE721B055}.Debug|Any CPU.Build.0 = Debug|Any CPU
		{4A56C0A4-AC6C-79B3-AD02-C36AE721B055}.Release|Any CPU.ActiveCfg = Release|Any CPU
		{4A56C0A4-AC6C-79B3-AD02-C36AE721B055}.Release|Any CPU.Build.0 = Release|Any CPU
		{26052146-38F9-90F3-6AC7-3E75269B95D1}.Debug|Any CPU.ActiveCfg = Debug|Any CPU
		{26052146-38F9-90F3-6AC7-3E75269B95D1}.Debug|Any CPU.Build.0 = Debug|Any CPU
		{26052146-38F9-90F3-6AC7-3E75269B95D1}.Release|Any CPU.ActiveCfg = Release|Any CPU
		{26052146-38F9-90F3-6AC7-3E75269B95D1}.Release|Any CPU.Build.0 = Release|Any CPU
		{D04EBF21-B48E-3BB9-E704-681DF6635889}.Debug|Any CPU.ActiveCfg = Debug|Any CPU
		{D04EBF21-B48E-3BB9-E704-681DF6635889}.Debug|Any CPU.Build.0 = Debug|Any CPU
		{D04EBF21-B48E-3BB9-E704-681DF6635889}.Release|Any CPU.ActiveCfg = Release|Any CPU
		{D04EBF21-B48E-3BB9-E704-681DF6635889}.Release|Any CPU.Build.0 = Release|Any CPU
		{4C6CABCD-FEB8-1CC4-418D-05DA5FCBF5F3}.Debug|Any CPU.ActiveCfg = Debug|Any CPU
		{4C6CABCD-FEB8-1CC4-418D-05DA5FCBF5F3}.Debug|Any CPU.Build.0 = Debug|Any CPU
		{4C6CABCD-FEB8-1CC4-418D-05DA5FCBF5F3}.Release|Any CPU.ActiveCfg = Release|Any CPU
		{4C6CABCD-FEB8-1CC4-418D-05DA5FCBF5F3}.Release|Any CPU.Build.0 = Release|Any CPU
		{D9E85D0E-BC55-D710-2BF4-6BD9784BD18D}.Debug|Any CPU.ActiveCfg = Debug|Any CPU
		{D9E85D0E-BC55-D710-2BF4-6BD9784BD18D}.Debug|Any CPU.Build.0 = Debug|Any CPU
		{D9E85D0E-BC55-D710-2BF4-6BD9784BD18D}.Release|Any CPU.ActiveCfg = Release|Any CPU
		{D9E85D0E-BC55-D710-2BF4-6BD9784BD18D}.Release|Any CPU.Build.0 = Release|Any CPU
		{633A010B-8E2F-1E45-4184-B8CF62D031BA}.Debug|Any CPU.ActiveCfg = Debug|Any CPU
		{633A010B-8E2F-1E45-4184-B8CF62D031BA}.Debug|Any CPU.Build.0 = Debug|Any CPU
		{633A010B-8E2F-1E45-4184-B8CF62D031BA}.Release|Any CPU.ActiveCfg = Release|Any CPU
		{633A010B-8E2F-1E45-4184-B8CF62D031BA}.Release|Any CPU.Build.0 = Release|Any CPU
		{0CF04C63-2016-B864-6CBD-819FB6137F6B}.Debug|Any CPU.ActiveCfg = Debug|Any CPU
		{0CF04C63-2016-B864-6CBD-819FB6137F6B}.Debug|Any CPU.Build.0 = Debug|Any CPU
		{0CF04C63-2016-B864-6CBD-819FB6137F6B}.Release|Any CPU.ActiveCfg = Release|Any CPU
		{0CF04C63-2016-B864-6CBD-819FB6137F6B}.Release|Any CPU.Build.0 = Release|Any CPU
		{0DCA51AD-83BF-43F2-86E5-9CF2722CFD90}.Debug|Any CPU.ActiveCfg = Debug|Any CPU
		{0DCA51AD-83BF-43F2-86E5-9CF2722CFD90}.Debug|Any CPU.Build.0 = Debug|Any CPU
		{0DCA51AD-83BF-43F2-86E5-9CF2722CFD90}.Release|Any CPU.ActiveCfg = Release|Any CPU
		{0DCA51AD-83BF-43F2-86E5-9CF2722CFD90}.Release|Any CPU.Build.0 = Release|Any CPU
		{F0D26E2E-F548-653A-FE68-475D07E619AE}.Debug|Any CPU.ActiveCfg = Debug|Any CPU
		{F0D26E2E-F548-653A-FE68-475D07E619AE}.Debug|Any CPU.Build.0 = Debug|Any CPU
		{F0D26E2E-F548-653A-FE68-475D07E619AE}.Release|Any CPU.ActiveCfg = Release|Any CPU
		{F0D26E2E-F548-653A-FE68-475D07E619AE}.Release|Any CPU.Build.0 = Release|Any CPU
		{B8917407-06A0-0E2D-3B88-16D063F57AFF}.Debug|Any CPU.ActiveCfg = Debug|Any CPU
		{B8917407-06A0-0E2D-3B88-16D063F57AFF}.Debug|Any CPU.Build.0 = Debug|Any CPU
		{B8917407-06A0-0E2D-3B88-16D063F57AFF}.Release|Any CPU.ActiveCfg = Release|Any CPU
		{B8917407-06A0-0E2D-3B88-16D063F57AFF}.Release|Any CPU.Build.0 = Release|Any CPU
		{20F6BD9A-2D51-458B-8E45-5799A1D88589}.Debug|Any CPU.ActiveCfg = Debug|Any CPU
		{20F6BD9A-2D51-458B-8E45-5799A1D88589}.Debug|Any CPU.Build.0 = Debug|Any CPU
		{20F6BD9A-2D51-458B-8E45-5799A1D88589}.Release|Any CPU.ActiveCfg = Release|Any CPU
		{20F6BD9A-2D51-458B-8E45-5799A1D88589}.Release|Any CPU.Build.0 = Release|Any CPU
		{A52E9DAE-22E6-6981-7CF8-4354009E4817}.Debug|Any CPU.ActiveCfg = Debug|Any CPU
		{A52E9DAE-22E6-6981-7CF8-4354009E4817}.Debug|Any CPU.Build.0 = Debug|Any CPU
		{A52E9DAE-22E6-6981-7CF8-4354009E4817}.Release|Any CPU.ActiveCfg = Release|Any CPU
		{A52E9DAE-22E6-6981-7CF8-4354009E4817}.Release|Any CPU.Build.0 = Release|Any CPU
		{57FBEB2C-ED6D-B67B-F2E8-2E2EFD9E78C9}.Debug|Any CPU.ActiveCfg = Debug|Any CPU
		{57FBEB2C-ED6D-B67B-F2E8-2E2EFD9E78C9}.Debug|Any CPU.Build.0 = Debug|Any CPU
		{57FBEB2C-ED6D-B67B-F2E8-2E2EFD9E78C9}.Release|Any CPU.ActiveCfg = Release|Any CPU
		{57FBEB2C-ED6D-B67B-F2E8-2E2EFD9E78C9}.Release|Any CPU.Build.0 = Release|Any CPU
		{216E7CED-CFB3-5641-A0C6-07A8F66A9177}.Debug|Any CPU.ActiveCfg = Debug|Any CPU
		{216E7CED-CFB3-5641-A0C6-07A8F66A9177}.Debug|Any CPU.Build.0 = Debug|Any CPU
		{216E7CED-CFB3-5641-A0C6-07A8F66A9177}.Release|Any CPU.ActiveCfg = Release|Any CPU
		{216E7CED-CFB3-5641-A0C6-07A8F66A9177}.Release|Any CPU.Build.0 = Release|Any CPU
		{FB3C3326-31EE-00F7-67A5-9C54B946BD9B}.Debug|Any CPU.ActiveCfg = Debug|Any CPU
		{FB3C3326-31EE-00F7-67A5-9C54B946BD9B}.Debug|Any CPU.Build.0 = Debug|Any CPU
		{FB3C3326-31EE-00F7-67A5-9C54B946BD9B}.Release|Any CPU.ActiveCfg = Release|Any CPU
		{FB3C3326-31EE-00F7-67A5-9C54B946BD9B}.Release|Any CPU.Build.0 = Release|Any CPU
		{58FCCE56-5F95-0F6D-A6FC-322FB1E53DC4}.Debug|Any CPU.ActiveCfg = Debug|Any CPU
		{58FCCE56-5F95-0F6D-A6FC-322FB1E53DC4}.Debug|Any CPU.Build.0 = Debug|Any CPU
		{58FCCE56-5F95-0F6D-A6FC-322FB1E53DC4}.Release|Any CPU.ActiveCfg = Release|Any CPU
		{58FCCE56-5F95-0F6D-A6FC-322FB1E53DC4}.Release|Any CPU.Build.0 = Release|Any CPU
		{5BC5E502-1F96-E1E7-DB49-22BC0418AAA2}.Debug|Any CPU.ActiveCfg = Debug|Any CPU
		{5BC5E502-1F96-E1E7-DB49-22BC0418AAA2}.Debug|Any CPU.Build.0 = Debug|Any CPU
		{5BC5E502-1F96-E1E7-DB49-22BC0418AAA2}.Release|Any CPU.ActiveCfg = Release|Any CPU
		{5BC5E502-1F96-E1E7-DB49-22BC0418AAA2}.Release|Any CPU.Build.0 = Release|Any CPU
		{9A544EE6-7B52-AB05-578A-DD4FDC530ECF}.Debug|Any CPU.ActiveCfg = Debug|Any CPU
		{9A544EE6-7B52-AB05-578A-DD4FDC530ECF}.Debug|Any CPU.Build.0 = Debug|Any CPU
		{9A544EE6-7B52-AB05-578A-DD4FDC530ECF}.Release|Any CPU.ActiveCfg = Release|Any CPU
		{9A544EE6-7B52-AB05-578A-DD4FDC530ECF}.Release|Any CPU.Build.0 = Release|Any CPU
		{3186F444-8049-F0FF-7454-4D043C44A342}.Debug|Any CPU.ActiveCfg = Debug|Any CPU
		{3186F444-8049-F0FF-7454-4D043C44A342}.Debug|Any CPU.Build.0 = Debug|Any CPU
		{3186F444-8049-F0FF-7454-4D043C44A342}.Release|Any CPU.ActiveCfg = Release|Any CPU
		{3186F444-8049-F0FF-7454-4D043C44A342}.Release|Any CPU.Build.0 = Release|Any CPU
		{F5ADAFF0-502B-C889-F7F6-2E072C8939BC}.Debug|Any CPU.ActiveCfg = Debug|Any CPU
		{F5ADAFF0-502B-C889-F7F6-2E072C8939BC}.Debug|Any CPU.Build.0 = Debug|Any CPU
		{F5ADAFF0-502B-C889-F7F6-2E072C8939BC}.Release|Any CPU.ActiveCfg = Release|Any CPU
		{F5ADAFF0-502B-C889-F7F6-2E072C8939BC}.Release|Any CPU.Build.0 = Release|Any CPU
		{3B365D0E-B37C-DDB8-73CC-0C831287E15B}.Debug|Any CPU.ActiveCfg = Debug|Any CPU
		{3B365D0E-B37C-DDB8-73CC-0C831287E15B}.Debug|Any CPU.Build.0 = Debug|Any CPU
		{3B365D0E-B37C-DDB8-73CC-0C831287E15B}.Release|Any CPU.ActiveCfg = Release|Any CPU
		{3B365D0E-B37C-DDB8-73CC-0C831287E15B}.Release|Any CPU.Build.0 = Release|Any CPU
		{376F60F2-3992-5AAD-61BF-E07208F7F99F}.Debug|Any CPU.ActiveCfg = Debug|Any CPU
		{376F60F2-3992-5AAD-61BF-E07208F7F99F}.Debug|Any CPU.Build.0 = Debug|Any CPU
		{376F60F2-3992-5AAD-61BF-E07208F7F99F}.Release|Any CPU.ActiveCfg = Release|Any CPU
		{376F60F2-3992-5AAD-61BF-E07208F7F99F}.Release|Any CPU.Build.0 = Release|Any CPU
		{8F1EBBFC-CEEC-C684-26DE-A1F8A0D265DB}.Debug|Any CPU.ActiveCfg = Debug|Any CPU
		{8F1EBBFC-CEEC-C684-26DE-A1F8A0D265DB}.Debug|Any CPU.Build.0 = Debug|Any CPU
		{8F1EBBFC-CEEC-C684-26DE-A1F8A0D265DB}.Release|Any CPU.ActiveCfg = Release|Any CPU
		{8F1EBBFC-CEEC-C684-26DE-A1F8A0D265DB}.Release|Any CPU.Build.0 = Release|Any CPU
		{9FC14335-81F4-7E73-7A0A-2F3BE6BD5632}.Debug|Any CPU.ActiveCfg = Debug|Any CPU
		{9FC14335-81F4-7E73-7A0A-2F3BE6BD5632}.Debug|Any CPU.Build.0 = Debug|Any CPU
		{9FC14335-81F4-7E73-7A0A-2F3BE6BD5632}.Release|Any CPU.ActiveCfg = Release|Any CPU
		{9FC14335-81F4-7E73-7A0A-2F3BE6BD5632}.Release|Any CPU.Build.0 = Release|Any CPU
		{E00E6277-542B-9260-87F3-E1060D34BEDD}.Debug|Any CPU.ActiveCfg = Debug|Any CPU
		{E00E6277-542B-9260-87F3-E1060D34BEDD}.Debug|Any CPU.Build.0 = Debug|Any CPU
		{E00E6277-542B-9260-87F3-E1060D34BEDD}.Release|Any CPU.ActiveCfg = Release|Any CPU
		{E00E6277-542B-9260-87F3-E1060D34BEDD}.Release|Any CPU.Build.0 = Release|Any CPU
		{4250EA86-C4B4-967E-066D-BCF48B5AC110}.Debug|Any CPU.ActiveCfg = Debug|Any CPU
		{4250EA86-C4B4-967E-066D-BCF48B5AC110}.Debug|Any CPU.Build.0 = Debug|Any CPU
		{4250EA86-C4B4-967E-066D-BCF48B5AC110}.Release|Any CPU.ActiveCfg = Release|Any CPU
		{4250EA86-C4B4-967E-066D-BCF48B5AC110}.Release|Any CPU.Build.0 = Release|Any CPU
		{1B552966-2BDF-667F-5C3B-6C1E206AFB68}.Debug|Any CPU.ActiveCfg = Debug|Any CPU
		{1B552966-2BDF-667F-5C3B-6C1E206AFB68}.Debug|Any CPU.Build.0 = Debug|Any CPU
		{1B552966-2BDF-667F-5C3B-6C1E206AFB68}.Release|Any CPU.ActiveCfg = Release|Any CPU
		{1B552966-2BDF-667F-5C3B-6C1E206AFB68}.Release|Any CPU.Build.0 = Release|Any CPU
		{5CBC9D06-632F-D7ED-1BAB-DB68803E9D9B}.Debug|Any CPU.ActiveCfg = Debug|Any CPU
		{5CBC9D06-632F-D7ED-1BAB-DB68803E9D9B}.Debug|Any CPU.Build.0 = Debug|Any CPU
		{5CBC9D06-632F-D7ED-1BAB-DB68803E9D9B}.Release|Any CPU.ActiveCfg = Release|Any CPU
		{5CBC9D06-632F-D7ED-1BAB-DB68803E9D9B}.Release|Any CPU.Build.0 = Release|Any CPU
		{FAF5A68F-37AB-6D9B-03E4-7957865FCFF3}.Debug|Any CPU.ActiveCfg = Debug|Any CPU
		{FAF5A68F-37AB-6D9B-03E4-7957865FCFF3}.Debug|Any CPU.Build.0 = Debug|Any CPU
		{FAF5A68F-37AB-6D9B-03E4-7957865FCFF3}.Release|Any CPU.ActiveCfg = Release|Any CPU
		{FAF5A68F-37AB-6D9B-03E4-7957865FCFF3}.Release|Any CPU.Build.0 = Release|Any CPU
		{36DA9889-E55B-3EA0-937A-656BDEF749E8}.Debug|Any CPU.ActiveCfg = Debug|Any CPU
		{36DA9889-E55B-3EA0-937A-656BDEF749E8}.Debug|Any CPU.Build.0 = Debug|Any CPU
		{36DA9889-E55B-3EA0-937A-656BDEF749E8}.Release|Any CPU.ActiveCfg = Release|Any CPU
		{36DA9889-E55B-3EA0-937A-656BDEF749E8}.Release|Any CPU.Build.0 = Release|Any CPU
		{896369F0-C680-2741-1CD5-7990115BA041}.Debug|Any CPU.ActiveCfg = Debug|Any CPU
		{896369F0-C680-2741-1CD5-7990115BA041}.Debug|Any CPU.Build.0 = Debug|Any CPU
		{896369F0-C680-2741-1CD5-7990115BA041}.Release|Any CPU.ActiveCfg = Release|Any CPU
		{896369F0-C680-2741-1CD5-7990115BA041}.Release|Any CPU.Build.0 = Release|Any CPU
	EndGlobalSection
	GlobalSection(SolutionProperties) = preSolution
		HideSolutionNode = FALSE
	EndGlobalSection
EndGlobal
